
Microsoft Visual Studio Solution File, Format Version 12.00
# Visual Studio Version 16
VisualStudioVersion = 16.0.29806.167
MinimumVisualStudioVersion = 10.0.40219.1
Project("{9A19103F-16F7-4668-BE54-9A1E7A4F7556}") = "Dingil.YamlParser", "Dingil.YamlParser\Dingil.YamlParser.csproj", "{ED3D7278-93ED-4E5A-B66C-6991C9B9CADB}"
EndProject
Project("{FAE04EC0-301F-11D3-BF4B-00C04F79EFBC}") = "Dingil", "Dingil.Builder\Dingil.csproj", "{93A59FB5-5788-43C6-987A-CE8123796ACB}"
EndProject
Project("{FAE04EC0-301F-11D3-BF4B-00C04F79EFBC}") = "Dingil.Tests", "Dingil.Tests\Dingil.Tests.csproj", "{2FCF7D07-B0F0-407C-A28E-9A6B0EBDAE63}"
EndProject
Project("{9A19103F-16F7-4668-BE54-9A1E7A4F7556}") = "Dingil.Web", "Dingil.Web\Dingil.Web.csproj", "{49A81E38-8521-4197-8102-DCD758057FAD}"
EndProject
Project("{FAE04EC0-301F-11D3-BF4B-00C04F79EFBC}") = "Dingil.WebNF", "Dingil.WebNF\Dingil.WebNF.csproj", "{8719750E-49CB-4CFF-B549-6DBFA61F3609}"
EndProject
Global
	GlobalSection(SolutionConfigurationPlatforms) = preSolution
		Debug|Any CPU = Debug|Any CPU
		Release|Any CPU = Release|Any CPU
	EndGlobalSection
	GlobalSection(ProjectConfigurationPlatforms) = postSolution
		{ED3D7278-93ED-4E5A-B66C-6991C9B9CADB}.Debug|Any CPU.ActiveCfg = Debug|Any CPU
		{ED3D7278-93ED-4E5A-B66C-6991C9B9CADB}.Debug|Any CPU.Build.0 = Debug|Any CPU
		{ED3D7278-93ED-4E5A-B66C-6991C9B9CADB}.Release|Any CPU.ActiveCfg = Release|Any CPU
		{ED3D7278-93ED-4E5A-B66C-6991C9B9CADB}.Release|Any CPU.Build.0 = Release|Any CPU
		{93A59FB5-5788-43C6-987A-CE8123796ACB}.Debug|Any CPU.ActiveCfg = Debug|Any CPU
		{93A59FB5-5788-43C6-987A-CE8123796ACB}.Debug|Any CPU.Build.0 = Debug|Any CPU
		{93A59FB5-5788-43C6-987A-CE8123796ACB}.Release|Any CPU.ActiveCfg = Release|Any CPU
		{93A59FB5-5788-43C6-987A-CE8123796ACB}.Release|Any CPU.Build.0 = Release|Any CPU
		{2FCF7D07-B0F0-407C-A28E-9A6B0EBDAE63}.Debug|Any CPU.ActiveCfg = Debug|Any CPU
		{2FCF7D07-B0F0-407C-A28E-9A6B0EBDAE63}.Debug|Any CPU.Build.0 = Debug|Any CPU
		{2FCF7D07-B0F0-407C-A28E-9A6B0EBDAE63}.Release|Any CPU.ActiveCfg = Release|Any CPU
		{2FCF7D07-B0F0-407C-A28E-9A6B0EBDAE63}.Release|Any CPU.Build.0 = Release|Any CPU
		{49A81E38-8521-4197-8102-DCD758057FAD}.Debug|Any CPU.ActiveCfg = Debug|Any CPU
		{49A81E38-8521-4197-8102-DCD758057FAD}.Debug|Any CPU.Build.0 = Debug|Any CPU
		{49A81E38-8521-4197-8102-DCD758057FAD}.Release|Any CPU.ActiveCfg = Release|Any CPU
		{49A81E38-8521-4197-8102-DCD758057FAD}.Release|Any CPU.Build.0 = Release|Any CPU
		{8719750E-49CB-4CFF-B549-6DBFA61F3609}.Debug|Any CPU.ActiveCfg = Debug|Any CPU
		{8719750E-49CB-4CFF-B549-6DBFA61F3609}.Debug|Any CPU.Build.0 = Debug|Any CPU
		{8719750E-49CB-4CFF-B549-6DBFA61F3609}.Release|Any CPU.ActiveCfg = Release|Any CPU
		{8719750E-49CB-4CFF-B549-6DBFA61F3609}.Release|Any CPU.Build.0 = Release|Any CPU
	EndGlobalSection
	GlobalSection(SolutionProperties) = preSolution
		HideSolutionNode = FALSE
	EndGlobalSection
	GlobalSection(ExtensibilityGlobals) = postSolution
		SolutionGuid = {580736E0-B2C2-4E69-BB00-033582844714}
	EndGlobalSection
EndGlobal
